// !$*UTF8*$!
{
	archiveVersion = 1;
	classes = {
	};
	objectVersion = 50;
	objects = {

/* Begin PBXBuildFile section */
		372DAC26241EFEC900711157 /* AppDelegate.swift in Sources */ = {isa = PBXBuildFile; fileRef = 372DAC25241EFEC900711157 /* AppDelegate.swift */; };
		372DAC28241EFEC900711157 /* SceneDelegate.swift in Sources */ = {isa = PBXBuildFile; fileRef = 372DAC27241EFEC900711157 /* SceneDelegate.swift */; };
		372DAC2D241EFEC900711157 /* Main.storyboard in Resources */ = {isa = PBXBuildFile; fileRef = 372DAC2B241EFEC900711157 /* Main.storyboard */; };
		372DAC2F241EFECB00711157 /* Assets.xcassets in Resources */ = {isa = PBXBuildFile; fileRef = 372DAC2E241EFECB00711157 /* Assets.xcassets */; };
		372DAC32241EFECB00711157 /* LaunchScreen.storyboard in Resources */ = {isa = PBXBuildFile; fileRef = 372DAC30241EFECB00711157 /* LaunchScreen.storyboard */; };
		37A8AEDE2423106C003B690B /* MainViewController.swift in Sources */ = {isa = PBXBuildFile; fileRef = 37A8AEDD2423106C003B690B /* MainViewController.swift */; };
/* End PBXBuildFile section */

/* Begin PBXFileReference section */
		372DAC22241EFEC900711157 /* Loriana.app */ = {isa = PBXFileReference; explicitFileType = wrapper.application; includeInIndex = 0; path = Loriana.app; sourceTree = BUILT_PRODUCTS_DIR; };
		372DAC25241EFEC900711157 /* AppDelegate.swift */ = {isa = PBXFileReference; lastKnownFileType = sourcecode.swift; path = AppDelegate.swift; sourceTree = "<group>"; };
		372DAC27241EFEC900711157 /* SceneDelegate.swift */ = {isa = PBXFileReference; lastKnownFileType = sourcecode.swift; path = SceneDelegate.swift; sourceTree = "<group>"; };
		372DAC2C241EFEC900711157 /* Base */ = {isa = PBXFileReference; lastKnownFileType = file.storyboard; name = Base; path = Base.lproj/Main.storyboard; sourceTree = "<group>"; };
		372DAC2E241EFECB00711157 /* Assets.xcassets */ = {isa = PBXFileReference; lastKnownFileType = folder.assetcatalog; path = Assets.xcassets; sourceTree = "<group>"; };
		372DAC31241EFECB00711157 /* Base */ = {isa = PBXFileReference; lastKnownFileType = file.storyboard; name = Base; path = Base.lproj/LaunchScreen.storyboard; sourceTree = "<group>"; };
		372DAC33241EFECB00711157 /* Info.plist */ = {isa = PBXFileReference; lastKnownFileType = text.plist.xml; path = Info.plist; sourceTree = "<group>"; };
		37A8AEDD2423106C003B690B /* MainViewController.swift */ = {isa = PBXFileReference; lastKnownFileType = sourcecode.swift; path = MainViewController.swift; sourceTree = "<group>"; };
/* End PBXFileReference section */

/* Begin PBXFrameworksBuildPhase section */
		372DAC1F241EFEC900711157 /* Frameworks */ = {
			isa = PBXFrameworksBuildPhase;
			buildActionMask = 2147483647;
			files = (
			);
			runOnlyForDeploymentPostprocessing = 0;
		};
/* End PBXFrameworksBuildPhase section */

/* Begin PBXGroup section */
		372DAC19241EFEC900711157 = {
			isa = PBXGroup;
			children = (
				372DAC24241EFEC900711157 /* Loriana */,
				372DAC23241EFEC900711157 /* Products */,
			);
			sourceTree = "<group>";
		};
		372DAC23241EFEC900711157 /* Products */ = {
			isa = PBXGroup;
			children = (
				372DAC22241EFEC900711157 /* Loriana.app */,
			);
			name = Products;
			sourceTree = "<group>";
		};
		372DAC24241EFEC900711157 /* Loriana */ = {
			isa = PBXGroup;
			children = (
				372DAC3D241EFF0C00711157 /* App Lifecycle */,
				372DAC3C241EFEF600711157 /* Views */,
				372DAC3B241EFEF300711157 /* View Controllers */,
				372DAC3A241EFEF000711157 /* Storyboards */,
				372DAC39241EFEED00711157 /* Resources */,
			);
			path = Loriana;
			sourceTree = "<group>";
		};
		372DAC39241EFEED00711157 /* Resources */ = {
			isa = PBXGroup;
			children = (
				372DAC2E241EFECB00711157 /* Assets.xcassets */,
				372DAC33241EFECB00711157 /* Info.plist */,
			);
			name = Resources;
			sourceTree = "<group>";
		};
		372DAC3A241EFEF000711157 /* Storyboards */ = {
			isa = PBXGroup;
			children = (
				372DAC2B241EFEC900711157 /* Main.storyboard */,
				372DAC30241EFECB00711157 /* LaunchScreen.storyboard */,
			);
			name = Storyboards;
			sourceTree = "<group>";
		};
		372DAC3B241EFEF300711157 /* View Controllers */ = {
			isa = PBXGroup;
			children = (
				37A8AEDD2423106C003B690B /* MainViewController.swift */,
			);
			name = "View Controllers";
			sourceTree = "<group>";
		};
		372DAC3C241EFEF600711157 /* Views */ = {
			isa = PBXGroup;
			children = (
			);
			name = Views;
			sourceTree = "<group>";
		};
		372DAC3D241EFF0C00711157 /* App Lifecycle */ = {
			isa = PBXGroup;
			children = (
				372DAC25241EFEC900711157 /* AppDelegate.swift */,
				372DAC27241EFEC900711157 /* SceneDelegate.swift */,
			);
			name = "App Lifecycle";
			sourceTree = "<group>";
		};
/* End PBXGroup section */

/* Begin PBXNativeTarget section */
		372DAC21241EFEC900711157 /* Loriana */ = {
			isa = PBXNativeTarget;
			buildConfigurationList = 372DAC36241EFECB00711157 /* Build configuration list for PBXNativeTarget "Loriana" */;
			buildPhases = (
				372DAC1E241EFEC900711157 /* Sources */,
				372DAC1F241EFEC900711157 /* Frameworks */,
				372DAC20241EFEC900711157 /* Resources */,
			);
			buildRules = (
			);
			dependencies = (
			);
			name = Loriana;
			productName = Loriana;
			productReference = 372DAC22241EFEC900711157 /* Loriana.app */;
			productType = "com.apple.product-type.application";
		};
/* End PBXNativeTarget section */

/* Begin PBXProject section */
		372DAC1A241EFEC900711157 /* Project object */ = {
			isa = PBXProject;
			attributes = {
				LastSwiftUpdateCheck = 1130;
				LastUpgradeCheck = 1130;
				ORGANIZATIONNAME = "Bobby Keffury";
				TargetAttributes = {
					372DAC21241EFEC900711157 = {
						CreatedOnToolsVersion = 11.3.1;
					};
				};
			};
			buildConfigurationList = 372DAC1D241EFEC900711157 /* Build configuration list for PBXProject "Loriana" */;
			compatibilityVersion = "Xcode 9.3";
			developmentRegion = en;
			hasScannedForEncodings = 0;
			knownRegions = (
				en,
				Base,
			);
			mainGroup = 372DAC19241EFEC900711157;
			productRefGroup = 372DAC23241EFEC900711157 /* Products */;
			projectDirPath = "";
			projectRoot = "";
			targets = (
				372DAC21241EFEC900711157 /* Loriana */,
			);
		};
/* End PBXProject section */

/* Begin PBXResourcesBuildPhase section */
		372DAC20241EFEC900711157 /* Resources */ = {
			isa = PBXResourcesBuildPhase;
			buildActionMask = 2147483647;
			files = (
				372DAC32241EFECB00711157 /* LaunchScreen.storyboard in Resources */,
				372DAC2F241EFECB00711157 /* Assets.xcassets in Resources */,
				372DAC2D241EFEC900711157 /* Main.storyboard in Resources */,
			);
			runOnlyForDeploymentPostprocessing = 0;
		};
/* End PBXResourcesBuildPhase section */

/* Begin PBXSourcesBuildPhase section */
		372DAC1E241EFEC900711157 /* Sources */ = {
			isa = PBXSourcesBuildPhase;
			buildActionMask = 2147483647;
			files = (
				37A8AEDE2423106C003B690B /* MainViewController.swift in Sources */,
				372DAC26241EFEC900711157 /* AppDelegate.swift in Sources */,
				372DAC28241EFEC900711157 /* SceneDelegate.swift in Sources */,
			);
			runOnlyForDeploymentPostprocessing = 0;
		};
/* End PBXSourcesBuildPhase section */

/* Begin PBXVariantGroup section */
		372DAC2B241EFEC900711157 /* Main.storyboard */ = {
			isa = PBXVariantGroup;
			children = (
				372DAC2C241EFEC900711157 /* Base */,
			);
			name = Main.storyboard;
			sourceTree = "<group>";
		};
		372DAC30241EFECB00711157 /* LaunchScreen.storyboard */ = {
			isa = PBXVariantGroup;
			children = (
				372DAC31241EFECB00711157 /* Base */,
			);
			name = LaunchScreen.storyboard;
			sourceTree = "<group>";
		};
/* End PBXVariantGroup section */

/* Begin XCBuildConfiguration section */
		372DAC34241EFECB00711157 /* Debug */ = {
			isa = XCBuildConfiguration;
			buildSettings = {
				ALWAYS_SEARCH_USER_PATHS = NO;
				CLANG_ANALYZER_NONNULL = YES;
				CLANG_ANALYZER_NUMBER_OBJECT_CONVERSION = YES_AGGRESSIVE;
				CLANG_CXX_LANGUAGE_STANDARD = "gnu++14";
				CLANG_CXX_LIBRARY = "libc++";
				CLANG_ENABLE_MODULES = YES;
				CLANG_ENABLE_OBJC_ARC = YES;
				CLANG_ENABLE_OBJC_WEAK = YES;
				CLANG_WARN_BLOCK_CAPTURE_AUTORELEASING = YES;
				CLANG_WARN_BOOL_CONVERSION = YES;
				CLANG_WARN_COMMA = YES;
				CLANG_WARN_CONSTANT_CONVERSION = YES;
				CLANG_WARN_DEPRECATED_OBJC_IMPLEMENTATIONS = YES;
				CLANG_WARN_DIRECT_OBJC_ISA_USAGE = YES_ERROR;
				CLANG_WARN_DOCUMENTATION_COMMENTS = YES;
				CLANG_WARN_EMPTY_BODY = YES;
				CLANG_WARN_ENUM_CONVERSION = YES;
				CLANG_WARN_INFINITE_RECURSION = YES;
				CLANG_WARN_INT_CONVERSION = YES;
				CLANG_WARN_NON_LITERAL_NULL_CONVERSION = YES;
				CLANG_WARN_OBJC_IMPLICIT_RETAIN_SELF = YES;
				CLANG_WARN_OBJC_LITERAL_CONVERSION = YES;
				CLANG_WARN_OBJC_ROOT_CLASS = YES_ERROR;
				CLANG_WARN_RANGE_LOOP_ANALYSIS = YES;
				CLANG_WARN_STRICT_PROTOTYPES = YES;
				CLANG_WARN_SUSPICIOUS_MOVE = YES;
				CLANG_WARN_UNGUARDED_AVAILABILITY = YES_AGGRESSIVE;
				CLANG_WARN_UNREACHABLE_CODE = YES;
				CLANG_WARN__DUPLICATE_METHOD_MATCH = YES;
				COPY_PHASE_STRIP = NO;
				DEBUG_INFORMATION_FORMAT = dwarf;
				ENABLE_STRICT_OBJC_MSGSEND = YES;
				ENABLE_TESTABILITY = YES;
				GCC_C_LANGUAGE_STANDARD = gnu11;
				GCC_DYNAMIC_NO_PIC = NO;
				GCC_NO_COMMON_BLOCKS = YES;
				GCC_OPTIMIZATION_LEVEL = 0;
				GCC_PREPROCESSOR_DEFINITIONS = (
					"DEBUG=1",
					"$(inherited)",
				);
				GCC_WARN_64_TO_32_BIT_CONVERSION = YES;
				GCC_WARN_ABOUT_RETURN_TYPE = YES_ERROR;
				GCC_WARN_UNDECLARED_SELECTOR = YES;
				GCC_WARN_UNINITIALIZED_AUTOS = YES_AGGRESSIVE;
				GCC_WARN_UNUSED_FUNCTION = YES;
				GCC_WARN_UNUSED_VARIABLE = YES;
				IPHONEOS_DEPLOYMENT_TARGET = 13.2;
				MTL_ENABLE_DEBUG_INFO = INCLUDE_SOURCE;
				MTL_FAST_MATH = YES;
				ONLY_ACTIVE_ARCH = YES;
				SDKROOT = iphoneos;
				SWIFT_ACTIVE_COMPILATION_CONDITIONS = DEBUG;
				SWIFT_OPTIMIZATION_LEVEL = "-Onone";
			};
			name = Debug;
		};
		372DAC35241EFECB00711157 /* Release */ = {
			isa = XCBuildConfiguration;
			buildSettings = {
				ALWAYS_SEARCH_USER_PATHS = NO;
				CLANG_ANALYZER_NONNULL = YES;
				CLANG_ANALYZER_NUMBER_OBJECT_CONVERSION = YES_AGGRESSIVE;
				CLANG_CXX_LANGUAGE_STANDARD = "gnu++14";
				CLANG_CXX_LIBRARY = "libc++";
				CLANG_ENABLE_MODULES = YES;
				CLANG_ENABLE_OBJC_ARC = YES;
				CLANG_ENABLE_OBJC_WEAK = YES;
				CLANG_WARN_BLOCK_CAPTURE_AUTORELEASING = YES;
				CLANG_WARN_BOOL_CONVERSION = YES;
				CLANG_WARN_COMMA = YES;
				CLANG_WARN_CONSTANT_CONVERSION = YES;
				CLANG_WARN_DEPRECATED_OBJC_IMPLEMENTATIONS = YES;
				CLANG_WARN_DIRECT_OBJC_ISA_USAGE = YES_ERROR;
				CLANG_WARN_DOCUMENTATION_COMMENTS = YES;
				CLANG_WARN_EMPTY_BODY = YES;
				CLANG_WARN_ENUM_CONVERSION = YES;
				CLANG_WARN_INFINITE_RECURSION = YES;
				CLANG_WARN_INT_CONVERSION = YES;
				CLANG_WARN_NON_LITERAL_NULL_CONVERSION = YES;
				CLANG_WARN_OBJC_IMPLICIT_RETAIN_SELF = YES;
				CLANG_WARN_OBJC_LITERAL_CONVERSION = YES;
				CLANG_WARN_OBJC_ROOT_CLASS = YES_ERROR;
				CLANG_WARN_RANGE_LOOP_ANALYSIS = YES;
				CLANG_WARN_STRICT_PROTOTYPES = YES;
				CLANG_WARN_SUSPICIOUS_MOVE = YES;
				CLANG_WARN_UNGUARDED_AVAILABILITY = YES_AGGRESSIVE;
				CLANG_WARN_UNREACHABLE_CODE = YES;
				CLANG_WARN__DUPLICATE_METHOD_MATCH = YES;
				COPY_PHASE_STRIP = NO;
				DEBUG_INFORMATION_FORMAT = "dwarf-with-dsym";
				ENABLE_NS_ASSERTIONS = NO;
				ENABLE_STRICT_OBJC_MSGSEND = YES;
				GCC_C_LANGUAGE_STANDARD = gnu11;
				GCC_NO_COMMON_BLOCKS = YES;
				GCC_WARN_64_TO_32_BIT_CONVERSION = YES;
				GCC_WARN_ABOUT_RETURN_TYPE = YES_ERROR;
				GCC_WARN_UNDECLARED_SELECTOR = YES;
				GCC_WARN_UNINITIALIZED_AUTOS = YES_AGGRESSIVE;
				GCC_WARN_UNUSED_FUNCTION = YES;
				GCC_WARN_UNUSED_VARIABLE = YES;
				IPHONEOS_DEPLOYMENT_TARGET = 13.2;
				MTL_ENABLE_DEBUG_INFO = NO;
				MTL_FAST_MATH = YES;
				SDKROOT = iphoneos;
				SWIFT_COMPILATION_MODE = wholemodule;
				SWIFT_OPTIMIZATION_LEVEL = "-O";
				VALIDATE_PRODUCT = YES;
			};
			name = Release;
		};
		372DAC37241EFECB00711157 /* Debug */ = {
			isa = XCBuildConfiguration;
			buildSettings = {
				ASSETCATALOG_COMPILER_APPICON_NAME = AppIcon;
				CODE_SIGN_STYLE = Automatic;
				CURRENT_PROJECT_VERSION = 2;
				DEVELOPMENT_TEAM = TFT6PV3RZ7;
				INFOPLIST_FILE = Loriana/Info.plist;
				LD_RUNPATH_SEARCH_PATHS = (
					"$(inherited)",
					"@executable_path/Frameworks",
				);
				PRODUCT_BUNDLE_IDENTIFIER = com.BobbyKeffury.Loriana;
				PRODUCT_NAME = "$(TARGET_NAME)";
				SWIFT_VERSION = 5.0;
				TARGETED_DEVICE_FAMILY = 1;
			};
			name = Debug;
		};
		372DAC38241EFECB00711157 /* Release */ = {
			isa = XCBuildConfiguration;
			buildSettings = {
				ASSETCATALOG_COMPILER_APPICON_NAME = AppIcon;
				CODE_SIGN_STYLE = Automatic;
				CURRENT_PROJECT_VERSION = 2;
				DEVELOPMENT_TEAM = TFT6PV3RZ7;
				INFOPLIST_FILE = Loriana/Info.plist;
				LD_RUNPATH_SEARCH_PATHS = (
					"$(inherited)",
					"@executable_path/Frameworks",
				);
				PRODUCT_BUNDLE_IDENTIFIER = com.BobbyKeffury.Loriana;
				PRODUCT_NAME = "$(TARGET_NAME)";
				SWIFT_VERSION = 5.0;
				TARGETED_DEVICE_FAMILY = 1;
			};
			name = Release;
		};
/* End XCBuildConfiguration section */

/* Begin XCConfigurationList section */
		372DAC1D241EFEC900711157 /* Build configuration list for PBXProject "Loriana" */ = {
			isa = XCConfigurationList;
			buildConfigurations = (
				372DAC34241EFECB00711157 /* Debug */,
				372DAC35241EFECB00711157 /* Release */,
			);
			defaultConfigurationIsVisible = 0;
			defaultConfigurationName = Release;
		};
		372DAC36241EFECB00711157 /* Build configuration list for PBXNativeTarget "Loriana" */ = {
			isa = XCConfigurationList;
			buildConfigurations = (
				372DAC37241EFECB00711157 /* Debug */,
				372DAC38241EFECB00711157 /* Release */,
			);
			defaultConfigurationIsVisible = 0;
			defaultConfigurationName = Release;
		};
/* End XCConfigurationList section */
	};
	rootObject = 372DAC1A241EFEC900711157 /* Project object */;
}
